
Microsoft Visual Studio Solution File, Format Version 12.00
# Visual Studio Version 17
VisualStudioVersion = 17.4.33213.308
MinimumVisualStudioVersion = 10.0.40219.1
Project("{FAE04EC0-301F-11D3-BF4B-00C04F79EFBC}") = "MaquinadeDoces", "MaquinadeDoces\MaquinadeDoces.csproj", "{DEA1F2D9-20D6-4678-A476-CDD4634443EF}"
EndProject
Global
	GlobalSection(SolutionConfigurationPlatforms) = preSolution
		Debug|Any CPU = Debug|Any CPU
		Release|Any CPU = Release|Any CPU
	EndGlobalSection
	GlobalSection(ProjectConfigurationPlatforms) = postSolution
		{DEA1F2D9-20D6-4678-A476-CDD4634443EF}.Debug|Any CPU.ActiveCfg = Debug|Any CPU
		{DEA1F2D9-20D6-4678-A476-CDD4634443EF}.Debug|Any CPU.Build.0 = Debug|Any CPU
		{DEA1F2D9-20D6-4678-A476-CDD4634443EF}.Release|Any CPU.ActiveCfg = Release|Any CPU
		{DEA1F2D9-20D6-4678-A476-CDD4634443EF}.Release|Any CPU.Build.0 = Release|Any CPU
	EndGlobalSection
	GlobalSection(SolutionProperties) = preSolution
		HideSolutionNode = FALSE
	EndGlobalSection
	GlobalSection(ExtensibilityGlobals) = postSolution
		SolutionGuid = {336B143B-0677-4965-AF87-600CE0DCE622}
	EndGlobalSection
EndGlobal
